
Microsoft Visual Studio Solution File, Format Version 12.00
# Visual Studio 2013
VisualStudioVersion = 12.0.21005.1
MinimumVisualStudioVersion = 10.0.40219.1
Project("{2150E333-8FDC-42A3-9474-1A3956D46DE8}") = "01.SOA", "01.SOA", "{818CA77B-621E-48FB-BE03-FD456DE62C25}"
EndProject
Project("{2150E333-8FDC-42A3-9474-1A3956D46DE8}") = "00.Docs", "00.Docs", "{BD548B9D-7E38-4029-8B2D-7D1335D50F94}"
EndProject
Project("{2150E333-8FDC-42A3-9474-1A3956D46DE8}") = "02.Application", "02.Application", "{6E6C0AF4-308E-4F52-BF18-C4F2463223B3}"
EndProject
Project("{2150E333-8FDC-42A3-9474-1A3956D46DE8}") = "03.Domain", "03.Domain", "{01D0701A-8995-438F-B0C3-E1EBE3C45746}"
EndProject
Project("{2150E333-8FDC-42A3-9474-1A3956D46DE8}") = "04.Repository", "04.Repository", "{F5FB9F7E-0736-4C89-A346-BF1541FBF351}"
EndProject
Project("{2150E333-8FDC-42A3-9474-1A3956D46DE8}") = "05.Infrastructure", "05.Infrastructure", "{DEB74A53-F6A8-41C3-A120-282428021D16}"
EndProject
Project("{2150E333-8FDC-42A3-9474-1A3956D46DE8}") = "06.UnitTest", "06.UnitTest", "{66126137-43EA-4749-B2EF-E0CE74573C83}"
EndProject
Project("{FAE04EC0-301F-11D3-BF4B-00C04F79EFBC}") = "Frame.Host", "Frame.Host\Frame.Host.csproj", "{3BC1929A-C257-4FAE-A4D5-EC03BB70BDB4}"
	ProjectSection(ProjectDependencies) = postProject
		{BBCBA82A-2842-4D3D-88A6-465739A21556} = {BBCBA82A-2842-4D3D-88A6-465739A21556}
		{6E2C713B-A8A5-4912-9ED0-A12E24BEA49A} = {6E2C713B-A8A5-4912-9ED0-A12E24BEA49A}
		{51C7486E-04A4-42C6-8575-11BDBCB51C50} = {51C7486E-04A4-42C6-8575-11BDBCB51C50}
		{CA37318A-5488-4131-968A-70A0A2565213} = {CA37318A-5488-4131-968A-70A0A2565213}
		{172F06DE-9034-4E8A-ADEC-155BA56657F2} = {172F06DE-9034-4E8A-ADEC-155BA56657F2}
	EndProjectSection
EndProject
Project("{FAE04EC0-301F-11D3-BF4B-00C04F79EFBC}") = "Frame.Facade", "Frame.Facade\Frame.Facade.csproj", "{6E2C713B-A8A5-4912-9ED0-A12E24BEA49A}"
	ProjectSection(ProjectDependencies) = postProject
		{78891E23-C959-41E1-A256-F1BBFEB7F213} = {78891E23-C959-41E1-A256-F1BBFEB7F213}
		{BBCBA82A-2842-4D3D-88A6-465739A21556} = {BBCBA82A-2842-4D3D-88A6-465739A21556}
		{51C7486E-04A4-42C6-8575-11BDBCB51C50} = {51C7486E-04A4-42C6-8575-11BDBCB51C50}
		{1CE19577-88E6-4DFE-8EA0-3A0AF3DAA7EB} = {1CE19577-88E6-4DFE-8EA0-3A0AF3DAA7EB}
		{CA37318A-5488-4131-968A-70A0A2565213} = {CA37318A-5488-4131-968A-70A0A2565213}
		{4ACD94A1-67DD-4EDA-9D64-7CA1372DC169} = {4ACD94A1-67DD-4EDA-9D64-7CA1372DC169}
		{172F06DE-9034-4E8A-ADEC-155BA56657F2} = {172F06DE-9034-4E8A-ADEC-155BA56657F2}
		{32A5E8EB-81AD-4BD3-9FF1-2987C501DAF0} = {32A5E8EB-81AD-4BD3-9FF1-2987C501DAF0}
	EndProjectSection
EndProject
Project("{FAE04EC0-301F-11D3-BF4B-00C04F79EFBC}") = "Frame.ServiceContainer", "Frame.ServiceContainer\Frame.ServiceContainer.csproj", "{172F06DE-9034-4E8A-ADEC-155BA56657F2}"
	ProjectSection(ProjectDependencies) = postProject
		{8CA4CB13-1777-4AA1-B641-DA035322F59E} = {8CA4CB13-1777-4AA1-B641-DA035322F59E}
		{4ACD94A1-67DD-4EDA-9D64-7CA1372DC169} = {4ACD94A1-67DD-4EDA-9D64-7CA1372DC169}
	EndProjectSection
EndProject
Project("{FAE04EC0-301F-11D3-BF4B-00C04F79EFBC}") = "Frame.ServiceModel", "Frame.ServiceModel\Frame.ServiceModel.csproj", "{1CE19577-88E6-4DFE-8EA0-3A0AF3DAA7EB}"
EndProject
Project("{FAE04EC0-301F-11D3-BF4B-00C04F79EFBC}") = "Frame.Model", "Frame.Model\Frame.Model.csproj", "{CA37318A-5488-4131-968A-70A0A2565213}"
	ProjectSection(ProjectDependencies) = postProject
		{51C7486E-04A4-42C6-8575-11BDBCB51C50} = {51C7486E-04A4-42C6-8575-11BDBCB51C50}
	EndProjectSection
EndProject
Project("{FAE04EC0-301F-11D3-BF4B-00C04F79EFBC}") = "Frame.ServiceImplement", "Frame.ServiceImplement\Frame.ServiceImplement.csproj", "{8CA4CB13-1777-4AA1-B641-DA035322F59E}"
	ProjectSection(ProjectDependencies) = postProject
		{78891E23-C959-41E1-A256-F1BBFEB7F213} = {78891E23-C959-41E1-A256-F1BBFEB7F213}
		{BBCBA82A-2842-4D3D-88A6-465739A21556} = {BBCBA82A-2842-4D3D-88A6-465739A21556}
		{51C7486E-04A4-42C6-8575-11BDBCB51C50} = {51C7486E-04A4-42C6-8575-11BDBCB51C50}
		{CA37318A-5488-4131-968A-70A0A2565213} = {CA37318A-5488-4131-968A-70A0A2565213}
		{4ACD94A1-67DD-4EDA-9D64-7CA1372DC169} = {4ACD94A1-67DD-4EDA-9D64-7CA1372DC169}
		{9E7071BF-026A-4FA4-B054-695B7284A041} = {9E7071BF-026A-4FA4-B054-695B7284A041}
		{60D731DE-4CE5-4ECD-ABC9-4CC57289577A} = {60D731DE-4CE5-4ECD-ABC9-4CC57289577A}
		{32A5E8EB-81AD-4BD3-9FF1-2987C501DAF0} = {32A5E8EB-81AD-4BD3-9FF1-2987C501DAF0}
	EndProjectSection
EndProject
Project("{FAE04EC0-301F-11D3-BF4B-00C04F79EFBC}") = "Frame.ServiceInterface", "Frame.ServiceInterface\Frame.ServiceInterface.csproj", "{4ACD94A1-67DD-4EDA-9D64-7CA1372DC169}"
	ProjectSection(ProjectDependencies) = postProject
		{CA37318A-5488-4131-968A-70A0A2565213} = {CA37318A-5488-4131-968A-70A0A2565213}
	EndProjectSection
EndProject
Project("{FAE04EC0-301F-11D3-BF4B-00C04F79EFBC}") = "Frame.IRepository", "Frame.IRepository\Frame.IRepository.csproj", "{60D731DE-4CE5-4ECD-ABC9-4CC57289577A}"
	ProjectSection(ProjectDependencies) = postProject
		{CA37318A-5488-4131-968A-70A0A2565213} = {CA37318A-5488-4131-968A-70A0A2565213}
	EndProjectSection
EndProject
Project("{FAE04EC0-301F-11D3-BF4B-00C04F79EFBC}") = "Frame.Repository", "Frame.Repository\Frame.Repository.csproj", "{4D24EA61-9EB6-4DBF-AD4E-EE75F53EEAF3}"
	ProjectSection(ProjectDependencies) = postProject
		{51C7486E-04A4-42C6-8575-11BDBCB51C50} = {51C7486E-04A4-42C6-8575-11BDBCB51C50}
		{CA37318A-5488-4131-968A-70A0A2565213} = {CA37318A-5488-4131-968A-70A0A2565213}
		{60D731DE-4CE5-4ECD-ABC9-4CC57289577A} = {60D731DE-4CE5-4ECD-ABC9-4CC57289577A}
	EndProjectSection
EndProject
Project("{FAE04EC0-301F-11D3-BF4B-00C04F79EFBC}") = "Frame.RepositoryFactory", "Frame.RepositoryFactory\Frame.RepositoryFactory.csproj", "{9E7071BF-026A-4FA4-B054-695B7284A041}"
	ProjectSection(ProjectDependencies) = postProject
		{4D24EA61-9EB6-4DBF-AD4E-EE75F53EEAF3} = {4D24EA61-9EB6-4DBF-AD4E-EE75F53EEAF3}
		{CA37318A-5488-4131-968A-70A0A2565213} = {CA37318A-5488-4131-968A-70A0A2565213}
		{60D731DE-4CE5-4ECD-ABC9-4CC57289577A} = {60D731DE-4CE5-4ECD-ABC9-4CC57289577A}
	EndProjectSection
EndProject
Project("{FAE04EC0-301F-11D3-BF4B-00C04F79EFBC}") = "Frame.UnitTest", "Frame.UnitTest\Frame.UnitTest.csproj", "{A82131E0-A0E4-4F99-9111-D79D3406155D}"
	ProjectSection(ProjectDependencies) = postProject
		{6E2C713B-A8A5-4912-9ED0-A12E24BEA49A} = {6E2C713B-A8A5-4912-9ED0-A12E24BEA49A}
		{4ACD94A1-67DD-4EDA-9D64-7CA1372DC169} = {4ACD94A1-67DD-4EDA-9D64-7CA1372DC169}
		{60D731DE-4CE5-4ECD-ABC9-4CC57289577A} = {60D731DE-4CE5-4ECD-ABC9-4CC57289577A}
	EndProjectSection
EndProject
Project("{FAE04EC0-301F-11D3-BF4B-00C04F79EFBC}") = "Frame.Assembler", "Frame.Assembler\Frame.Assembler.csproj", "{78891E23-C959-41E1-A256-F1BBFEB7F213}"
EndProject
Project("{FAE04EC0-301F-11D3-BF4B-00C04F79EFBC}") = "Frame.Caching", "Frame.Caching\Frame.Caching.csproj", "{32A5E8EB-81AD-4BD3-9FF1-2987C501DAF0}"
EndProject
Project("{FAE04EC0-301F-11D3-BF4B-00C04F79EFBC}") = "Frame.Common", "Frame.Common\Frame.Common.csproj", "{51C7486E-04A4-42C6-8575-11BDBCB51C50}"
EndProject
Project("{FAE04EC0-301F-11D3-BF4B-00C04F79EFBC}") = "Frame.Logging", "Frame.Logging\Frame.Logging.csproj", "{BBCBA82A-2842-4D3D-88A6-465739A21556}"
	ProjectSection(ProjectDependencies) = postProject
		{51C7486E-04A4-42C6-8575-11BDBCB51C50} = {51C7486E-04A4-42C6-8575-11BDBCB51C50}
	EndProjectSection
EndProject
Project("{FAE04EC0-301F-11D3-BF4B-00C04F79EFBC}") = "Frame.Template4", "Frame.Template4\Frame.Template4.csproj", "{E9C16E2B-EF2B-4F8B-8D8F-A7F96C266F1E}"
EndProject
Global
	GlobalSection(SolutionConfigurationPlatforms) = preSolution
		Debug|Any CPU = Debug|Any CPU
		Release|Any CPU = Release|Any CPU
	EndGlobalSection
	GlobalSection(ProjectConfigurationPlatforms) = postSolution
		{3BC1929A-C257-4FAE-A4D5-EC03BB70BDB4}.Debug|Any CPU.ActiveCfg = Debug|Any CPU
		{3BC1929A-C257-4FAE-A4D5-EC03BB70BDB4}.Debug|Any CPU.Build.0 = Debug|Any CPU
		{3BC1929A-C257-4FAE-A4D5-EC03BB70BDB4}.Release|Any CPU.ActiveCfg = Release|Any CPU
		{3BC1929A-C257-4FAE-A4D5-EC03BB70BDB4}.Release|Any CPU.Build.0 = Release|Any CPU
		{6E2C713B-A8A5-4912-9ED0-A12E24BEA49A}.Debug|Any CPU.ActiveCfg = Debug|Any CPU
		{6E2C713B-A8A5-4912-9ED0-A12E24BEA49A}.Debug|Any CPU.Build.0 = Debug|Any CPU
		{6E2C713B-A8A5-4912-9ED0-A12E24BEA49A}.Release|Any CPU.ActiveCfg = Release|Any CPU
		{6E2C713B-A8A5-4912-9ED0-A12E24BEA49A}.Release|Any CPU.Build.0 = Release|Any CPU
		{172F06DE-9034-4E8A-ADEC-155BA56657F2}.Debug|Any CPU.ActiveCfg = Debug|Any CPU
		{172F06DE-9034-4E8A-ADEC-155BA56657F2}.Debug|Any CPU.Build.0 = Debug|Any CPU
		{172F06DE-9034-4E8A-ADEC-155BA56657F2}.Release|Any CPU.ActiveCfg = Release|Any CPU
		{172F06DE-9034-4E8A-ADEC-155BA56657F2}.Release|Any CPU.Build.0 = Release|Any CPU
		{1CE19577-88E6-4DFE-8EA0-3A0AF3DAA7EB}.Debug|Any CPU.ActiveCfg = Debug|Any CPU
		{1CE19577-88E6-4DFE-8EA0-3A0AF3DAA7EB}.Debug|Any CPU.Build.0 = Debug|Any CPU
		{1CE19577-88E6-4DFE-8EA0-3A0AF3DAA7EB}.Release|Any CPU.ActiveCfg = Release|Any CPU
		{1CE19577-88E6-4DFE-8EA0-3A0AF3DAA7EB}.Release|Any CPU.Build.0 = Release|Any CPU
		{CA37318A-5488-4131-968A-70A0A2565213}.Debug|Any CPU.ActiveCfg = Debug|Any CPU
		{CA37318A-5488-4131-968A-70A0A2565213}.Debug|Any CPU.Build.0 = Debug|Any CPU
		{CA37318A-5488-4131-968A-70A0A2565213}.Release|Any CPU.ActiveCfg = Release|Any CPU
		{CA37318A-5488-4131-968A-70A0A2565213}.Release|Any CPU.Build.0 = Release|Any CPU
		{8CA4CB13-1777-4AA1-B641-DA035322F59E}.Debug|Any CPU.ActiveCfg = Debug|Any CPU
		{8CA4CB13-1777-4AA1-B641-DA035322F59E}.Debug|Any CPU.Build.0 = Debug|Any CPU
		{8CA4CB13-1777-4AA1-B641-DA035322F59E}.Release|Any CPU.ActiveCfg = Release|Any CPU
		{8CA4CB13-1777-4AA1-B641-DA035322F59E}.Release|Any CPU.Build.0 = Release|Any CPU
		{4ACD94A1-67DD-4EDA-9D64-7CA1372DC169}.Debug|Any CPU.ActiveCfg = Debug|Any CPU
		{4ACD94A1-67DD-4EDA-9D64-7CA1372DC169}.Debug|Any CPU.Build.0 = Debug|Any CPU
		{4ACD94A1-67DD-4EDA-9D64-7CA1372DC169}.Release|Any CPU.ActiveCfg = Release|Any CPU
		{4ACD94A1-67DD-4EDA-9D64-7CA1372DC169}.Release|Any CPU.Build.0 = Release|Any CPU
		{60D731DE-4CE5-4ECD-ABC9-4CC57289577A}.Debug|Any CPU.ActiveCfg = Debug|Any CPU
		{60D731DE-4CE5-4ECD-ABC9-4CC57289577A}.Debug|Any CPU.Build.0 = Debug|Any CPU
		{60D731DE-4CE5-4ECD-ABC9-4CC57289577A}.Release|Any CPU.ActiveCfg = Release|Any CPU
		{60D731DE-4CE5-4ECD-ABC9-4CC57289577A}.Release|Any CPU.Build.0 = Release|Any CPU
		{4D24EA61-9EB6-4DBF-AD4E-EE75F53EEAF3}.Debug|Any CPU.ActiveCfg = Debug|Any CPU
		{4D24EA61-9EB6-4DBF-AD4E-EE75F53EEAF3}.Debug|Any CPU.Build.0 = Debug|Any CPU
		{4D24EA61-9EB6-4DBF-AD4E-EE75F53EEAF3}.Release|Any CPU.ActiveCfg = Release|Any CPU
		{4D24EA61-9EB6-4DBF-AD4E-EE75F53EEAF3}.Release|Any CPU.Build.0 = Release|Any CPU
		{9E7071BF-026A-4FA4-B054-695B7284A041}.Debug|Any CPU.ActiveCfg = Debug|Any CPU
		{9E7071BF-026A-4FA4-B054-695B7284A041}.Debug|Any CPU.Build.0 = Debug|Any CPU
		{9E7071BF-026A-4FA4-B054-695B7284A041}.Release|Any CPU.ActiveCfg = Release|Any CPU
		{9E7071BF-026A-4FA4-B054-695B7284A041}.Release|Any CPU.Build.0 = Release|Any CPU
		{A82131E0-A0E4-4F99-9111-D79D3406155D}.Debug|Any CPU.ActiveCfg = Debug|Any CPU
		{A82131E0-A0E4-4F99-9111-D79D3406155D}.Debug|Any CPU.Build.0 = Debug|Any CPU
		{A82131E0-A0E4-4F99-9111-D79D3406155D}.Release|Any CPU.ActiveCfg = Release|Any CPU
		{A82131E0-A0E4-4F99-9111-D79D3406155D}.Release|Any CPU.Build.0 = Release|Any CPU
		{78891E23-C959-41E1-A256-F1BBFEB7F213}.Debug|Any CPU.ActiveCfg = Debug|Any CPU
		{78891E23-C959-41E1-A256-F1BBFEB7F213}.Debug|Any CPU.Build.0 = Debug|Any CPU
		{78891E23-C959-41E1-A256-F1BBFEB7F213}.Release|Any CPU.ActiveCfg = Release|Any CPU
		{78891E23-C959-41E1-A256-F1BBFEB7F213}.Release|Any CPU.Build.0 = Release|Any CPU
		{32A5E8EB-81AD-4BD3-9FF1-2987C501DAF0}.Debug|Any CPU.ActiveCfg = Debug|Any CPU
		{32A5E8EB-81AD-4BD3-9FF1-2987C501DAF0}.Debug|Any CPU.Build.0 = Debug|Any CPU
		{32A5E8EB-81AD-4BD3-9FF1-2987C501DAF0}.Release|Any CPU.ActiveCfg = Release|Any CPU
		{32A5E8EB-81AD-4BD3-9FF1-2987C501DAF0}.Release|Any CPU.Build.0 = Release|Any CPU
		{51C7486E-04A4-42C6-8575-11BDBCB51C50}.Debug|Any CPU.ActiveCfg = Debug|Any CPU
		{51C7486E-04A4-42C6-8575-11BDBCB51C50}.Debug|Any CPU.Build.0 = Debug|Any CPU
		{51C7486E-04A4-42C6-8575-11BDBCB51C50}.Release|Any CPU.ActiveCfg = Release|Any CPU
		{51C7486E-04A4-42C6-8575-11BDBCB51C50}.Release|Any CPU.Build.0 = Release|Any CPU
		{BBCBA82A-2842-4D3D-88A6-465739A21556}.Debug|Any CPU.ActiveCfg = Debug|Any CPU
		{BBCBA82A-2842-4D3D-88A6-465739A21556}.Debug|Any CPU.Build.0 = Debug|Any CPU
		{BBCBA82A-2842-4D3D-88A6-465739A21556}.Release|Any CPU.ActiveCfg = Release|Any CPU
		{BBCBA82A-2842-4D3D-88A6-465739A21556}.Release|Any CPU.Build.0 = Release|Any CPU
		{E9C16E2B-EF2B-4F8B-8D8F-A7F96C266F1E}.Debug|Any CPU.ActiveCfg = Debug|Any CPU
		{E9C16E2B-EF2B-4F8B-8D8F-A7F96C266F1E}.Debug|Any CPU.Build.0 = Debug|Any CPU
		{E9C16E2B-EF2B-4F8B-8D8F-A7F96C266F1E}.Release|Any CPU.ActiveCfg = Release|Any CPU
		{E9C16E2B-EF2B-4F8B-8D8F-A7F96C266F1E}.Release|Any CPU.Build.0 = Release|Any CPU
	EndGlobalSection
	GlobalSection(SolutionProperties) = preSolution
		HideSolutionNode = FALSE
	EndGlobalSection
	GlobalSection(NestedProjects) = preSolution
		{3BC1929A-C257-4FAE-A4D5-EC03BB70BDB4} = {818CA77B-621E-48FB-BE03-FD456DE62C25}
		{6E2C713B-A8A5-4912-9ED0-A12E24BEA49A} = {6E6C0AF4-308E-4F52-BF18-C4F2463223B3}
		{172F06DE-9034-4E8A-ADEC-155BA56657F2} = {6E6C0AF4-308E-4F52-BF18-C4F2463223B3}
		{1CE19577-88E6-4DFE-8EA0-3A0AF3DAA7EB} = {6E6C0AF4-308E-4F52-BF18-C4F2463223B3}
		{CA37318A-5488-4131-968A-70A0A2565213} = {01D0701A-8995-438F-B0C3-E1EBE3C45746}
		{8CA4CB13-1777-4AA1-B641-DA035322F59E} = {01D0701A-8995-438F-B0C3-E1EBE3C45746}
		{4ACD94A1-67DD-4EDA-9D64-7CA1372DC169} = {01D0701A-8995-438F-B0C3-E1EBE3C45746}
		{60D731DE-4CE5-4ECD-ABC9-4CC57289577A} = {F5FB9F7E-0736-4C89-A346-BF1541FBF351}
		{4D24EA61-9EB6-4DBF-AD4E-EE75F53EEAF3} = {F5FB9F7E-0736-4C89-A346-BF1541FBF351}
		{9E7071BF-026A-4FA4-B054-695B7284A041} = {F5FB9F7E-0736-4C89-A346-BF1541FBF351}
		{78891E23-C959-41E1-A256-F1BBFEB7F213} = {DEB74A53-F6A8-41C3-A120-282428021D16}
		{32A5E8EB-81AD-4BD3-9FF1-2987C501DAF0} = {DEB74A53-F6A8-41C3-A120-282428021D16}
		{51C7486E-04A4-42C6-8575-11BDBCB51C50} = {DEB74A53-F6A8-41C3-A120-282428021D16}
		{BBCBA82A-2842-4D3D-88A6-465739A21556} = {DEB74A53-F6A8-41C3-A120-282428021D16}
		{E9C16E2B-EF2B-4F8B-8D8F-A7F96C266F1E} = {DEB74A53-F6A8-41C3-A120-282428021D16}
		{A82131E0-A0E4-4F99-9111-D79D3406155D} = {66126137-43EA-4749-B2EF-E0CE74573C83}
	EndGlobalSection
EndGlobal
